# This file is autogenerated, do not edit; changes may be undone by the next 'dep ensure'.


[[projects]]
  branch = "master"
  name = "github.com/go-errors/errors"
  packages = ["."]
  revision = "3afebba5a48dbc89b574d890b6b34d9ee10b4785"

[[projects]]
  name = "github.com/gruntwork-io/gruntwork-cli"
  packages = ["entrypoint","errors","logging"]
  revision = "17b672db77e9ecf979e3161ed497b54734fc75c8"
  version = "v0.1.1"

[[projects]]
  name = "github.com/sirupsen/logrus"
  packages = ["."]
  revision = "d682213848ed68c0a260ca37d6dd5ace8423f5ba"
  version = "v1.0.4"

[[projects]]
  name = "github.com/urfave/cli"
  packages = ["."]
  revision = "cfb38830724cc34fedffe9a2a29fb54fa9169cd1"
  version = "v1.20.0"

[[projects]]
  branch = "master"
  name = "golang.org/x/crypto"
  packages = ["ssh/terminal"]
  revision = "94eea52f7b742c7cbe0b03b22f0c4c8631ece122"

[[projects]]
  branch = "master"
  name = "golang.org/x/sys"
  packages = ["unix","windows"]
  revision = "53aa286056ef226755cd898109dbcdaba8ac0b81"

[solve-meta]
  analyzer-name = "dep"
  analyzer-version = 1
  inputs-digest = "a99bcea6d5e79e45eba211ec30ebafa0869970463b5fbe1f8e2a4b59b9a35399"
  solver-name = "gps-cdcl"
  solver-version = 1
